# This file is automatically @generated by Poetry 1.8.3 and should not be changed by hand.

[[package]]
name = "colorama"
version = "0.4.6"
description = "Cross-platform colored terminal text."
optional = false
python-versions = "!=3.0.*,!=3.1.*,!=3.2.*,!=3.3.*,!=3.4.*,!=3.5.*,!=3.6.*,>=2.7"
files = [
    {file = "colorama-0.4.6-py2.py3-none-any.whl", hash = "sha256:4f1d9991f5acc0ca119f9d443620b77f9d6b33703e51011c16baf57afb285fc6"},
    {file = "colorama-0.4.6.tar.gz", hash = "sha256:08695f5cb7ed6e0531a20572697297273c47b8cae5a63ffc6d6ed5c201be6e44"},
]

[[package]]
name = "colorlog"
version = "6.8.2"
description = "Add colours to the output of Python's logging module."
optional = false
python-versions = ">=3.6"
files = [
    {file = "colorlog-6.8.2-py3-none-any.whl", hash = "sha256:4dcbb62368e2800cb3c5abd348da7e53f6c362dda502ec27c560b2e58a66bd33"},
    {file = "colorlog-6.8.2.tar.gz", hash = "sha256:3e3e079a41feb5a1b64f978b5ea4f46040a94f11f0e8bbb8261e3dbbeca64d44"},
]

[package.dependencies]
colorama = {version = "*", markers = "sys_platform == \"win32\""}

[package.extras]
development = ["black", "flake8", "mypy", "pytest", "types-colorama"]

[[package]]
name = "furl"
version = "2.1.3"
description = "URL manipulation made simple."
optional = false
python-versions = "*"
files = [
    {file = "furl-2.1.3-py2.py3-none-any.whl", hash = "sha256:9ab425062c4217f9802508e45feb4a83e54324273ac4b202f1850363309666c0"},
    {file = "furl-2.1.3.tar.gz", hash = "sha256:5a6188fe2666c484a12159c18be97a1977a71d632ef5bb867ef15f54af39cc4e"},
]

[package.dependencies]
orderedmultidict = ">=1.0.1"
six = ">=1.8.0"

[[package]]
name = "orderedmultidict"
version = "1.0.1"
description = "Ordered Multivalue Dictionary"
optional = false
python-versions = "*"
files = [
    {file = "orderedmultidict-1.0.1-py2.py3-none-any.whl", hash = "sha256:43c839a17ee3cdd62234c47deca1a8508a3f2ca1d0678a3bf791c87cf84adbf3"},
    {file = "orderedmultidict-1.0.1.tar.gz", hash = "sha256:04070bbb5e87291cc9bfa51df413677faf2141c73c61d2a5f7b26bea3cd882ad"},
]

[package.dependencies]
six = ">=1.8.0"

[[package]]
name = "py-mini-racer"
version = "0.6.0"
description = "Minimal, modern embedded V8 for Python."
optional = false
python-versions = "*"
files = [
    {file = "py_mini_racer-0.6.0-py2.py3-none-macosx_10_10_x86_64.whl", hash = "sha256:346e73bb89a2024888244d487834be24a121089ceb0641dd0200cb96c4e24b57"},
    {file = "py_mini_racer-0.6.0-py2.py3-none-manylinux1_x86_64.whl", hash = "sha256:42896c24968481dd953eeeb11de331f6870917811961c9b26ba09071e07180e2"},
    {file = "py_mini_racer-0.6.0-py2.py3-none-win_amd64.whl", hash = "sha256:97cab31bbf63ce462ba4cd6e978c572c916d8b15586156c7c5e0b2e42c10baab"},
    {file = "py_mini_racer-0.6.0.tar.gz", hash = "sha256:f71e36b643d947ba698c57cd9bd2232c83ca997b0802fc2f7f79582377040c11"},
]

[[package]]
name = "pyexecjs"
version = "1.5.1"
description = "Run JavaScript code from Python"
optional = false
python-versions = "*"
files = [
    {file = "PyExecJS-1.5.1.tar.gz", hash = "sha256:34cc1d070976918183ff7bdc0ad71f8157a891c92708c00c5fbbff7a769f505c"},
]

[package.dependencies]
six = ">=1.10.0"

[[package]]
name = "six"
version = "1.16.0"
description = "Python 2 and 3 compatibility utilities"
optional = false
python-versions = ">=2.7, !=3.0.*, !=3.1.*, !=3.2.*"
files = [
    {file = "six-1.16.0-py2.py3-none-any.whl", hash = "sha256:8abb2f1d86890a2dfb989f9a77cfcfd3e47c2a354b01111771326f8aa26e0254"},
    {file = "six-1.16.0.tar.gz", hash = "sha256:1e61c37477a1626458e36f7b1d82aa5c9b094fa4802892072e49de9c60c4c926"},
]

[[package]]
name = "typing-extensions"
version = "4.12.2"
description = "Backported and Experimental Type Hints for Python 3.8+"
optional = false
python-versions = ">=3.8"
files = [
    {file = "typing_extensions-4.12.2-py3-none-any.whl", hash = "sha256:04e5ca0351e0f3f85c6853954072df659d0d13fac324d0072316b67d7794700d"},
    {file = "typing_extensions-4.12.2.tar.gz", hash = "sha256:1a7ead55c7e559dd4dee8856e3a88b41225abfe1ce8df57b7c13915fe121ffb8"},
]

[metadata]
lock-version = "2.0"
python-versions = "^3.10"
content-hash = "a6049edd63972b212a342344d8da681ad0ef514556d9331db01aef73a76fb025"
